// !$*UTF8*$!
{
	archiveVersion = 1;
	classes = {
	};
	objectVersion = 46;
	objects = {

/* Begin PBXBuildFile section */
		4742D2C1BDAC1ED4EEEDF436 /* Pods_Snap.framework in Frameworks */ = {isa = PBXBuildFile; fileRef = 5DF665CF1855ABB90A0BB8A9 /* Pods_Snap.framework */; };
		4B3AF0551E2225A8007DB1FE /* AppDelegate.swift in Sources */ = {isa = PBXBuildFile; fileRef = 4B3AF0541E2225A8007DB1FE /* AppDelegate.swift */; };
		4B3AF0571E2225A8007DB1FE /* SignInViewController.swift in Sources */ = {isa = PBXBuildFile; fileRef = 4B3AF0561E2225A8007DB1FE /* SignInViewController.swift */; };
		4B3AF05A1E2225A8007DB1FE /* Main.storyboard in Resources */ = {isa = PBXBuildFile; fileRef = 4B3AF0581E2225A8007DB1FE /* Main.storyboard */; };
		4B3AF05C1E2225A8007DB1FE /* Assets.xcassets in Resources */ = {isa = PBXBuildFile; fileRef = 4B3AF05B1E2225A8007DB1FE /* Assets.xcassets */; };
		4B3AF05F1E2225A8007DB1FE /* LaunchScreen.storyboard in Resources */ = {isa = PBXBuildFile; fileRef = 4B3AF05D1E2225A8007DB1FE /* LaunchScreen.storyboard */; };
		4B3AF0671E222C4F007DB1FE /* GoogleService-Info.plist in Resources */ = {isa = PBXBuildFile; fileRef = 4B3AF0661E222C4F007DB1FE /* GoogleService-Info.plist */; };
		4B3AF0691E27D6F5007DB1FE /* SnapsViewController.swift in Sources */ = {isa = PBXBuildFile; fileRef = 4B3AF0681E27D6F5007DB1FE /* SnapsViewController.swift */; };
		4B3AF06B1E27DBC0007DB1FE /* AddingViewController.swift in Sources */ = {isa = PBXBuildFile; fileRef = 4B3AF06A1E27DBC0007DB1FE /* AddingViewController.swift */; };
		4B3AF06D1E2A2661007DB1FE /* SelectUserViewController.swift in Sources */ = {isa = PBXBuildFile; fileRef = 4B3AF06C1E2A2661007DB1FE /* SelectUserViewController.swift */; };
		4B3AF06F1E2A2DDF007DB1FE /* User.swift in Sources */ = {isa = PBXBuildFile; fileRef = 4B3AF06E1E2A2DDF007DB1FE /* User.swift */; };
		4B3AF0731E2A4D6E007DB1FE /* Snap.swift in Sources */ = {isa = PBXBuildFile; fileRef = 4B3AF0721E2A4D6E007DB1FE /* Snap.swift */; };
		4BF5CA981E2A6B0400FC97E1 /* ViewSnapViewController.swift in Sources */ = {isa = PBXBuildFile; fileRef = 4BF5CA971E2A6B0400FC97E1 /* ViewSnapViewController.swift */; };
/* End PBXBuildFile section */

/* Begin PBXFileReference section */
		109D9091A22FD2359C54F0F2 /* Pods-Snap.release.xcconfig */ = {isa = PBXFileReference; includeInIndex = 1; lastKnownFileType = text.xcconfig; name = "Pods-Snap.release.xcconfig"; path = "Pods/Target Support Files/Pods-Snap/Pods-Snap.release.xcconfig"; sourceTree = "<group>"; };
		4B3AF0511E2225A8007DB1FE /* Snap.app */ = {isa = PBXFileReference; explicitFileType = wrapper.application; includeInIndex = 0; path = Snap.app; sourceTree = BUILT_PRODUCTS_DIR; };
		4B3AF0541E2225A8007DB1FE /* AppDelegate.swift */ = {isa = PBXFileReference; lastKnownFileType = sourcecode.swift; path = AppDelegate.swift; sourceTree = "<group>"; };
		4B3AF0561E2225A8007DB1FE /* SignInViewController.swift */ = {isa = PBXFileReference; lastKnownFileType = sourcecode.swift; path = SignInViewController.swift; sourceTree = "<group>"; };
		4B3AF0591E2225A8007DB1FE /* Base */ = {isa = PBXFileReference; lastKnownFileType = file.storyboard; name = Base; path = Base.lproj/Main.storyboard; sourceTree = "<group>"; };
		4B3AF05B1E2225A8007DB1FE /* Assets.xcassets */ = {isa = PBXFileReference; lastKnownFileType = folder.assetcatalog; path = Assets.xcassets; sourceTree = "<group>"; };
		4B3AF05E1E2225A8007DB1FE /* Base */ = {isa = PBXFileReference; lastKnownFileType = file.storyboard; name = Base; path = Base.lproj/LaunchScreen.storyboard; sourceTree = "<group>"; };
		4B3AF0601E2225A8007DB1FE /* Info.plist */ = {isa = PBXFileReference; lastKnownFileType = text.plist.xml; path = Info.plist; sourceTree = "<group>"; };
		4B3AF0661E222C4F007DB1FE /* GoogleService-Info.plist */ = {isa = PBXFileReference; fileEncoding = 4; lastKnownFileType = text.plist.xml; path = "GoogleService-Info.plist"; sourceTree = "<group>"; };
		4B3AF0681E27D6F5007DB1FE /* SnapsViewController.swift */ = {isa = PBXFileReference; fileEncoding = 4; lastKnownFileType = sourcecode.swift; path = SnapsViewController.swift; sourceTree = "<group>"; };
		4B3AF06A1E27DBC0007DB1FE /* AddingViewController.swift */ = {isa = PBXFileReference; fileEncoding = 4; lastKnownFileType = sourcecode.swift; path = AddingViewController.swift; sourceTree = "<group>"; };
		4B3AF06C1E2A2661007DB1FE /* SelectUserViewController.swift */ = {isa = PBXFileReference; fileEncoding = 4; lastKnownFileType = sourcecode.swift; path = SelectUserViewController.swift; sourceTree = "<group>"; };
		4B3AF06E1E2A2DDF007DB1FE /* User.swift */ = {isa = PBXFileReference; fileEncoding = 4; lastKnownFileType = sourcecode.swift; path = User.swift; sourceTree = "<group>"; };
		4B3AF0721E2A4D6E007DB1FE /* Snap.swift */ = {isa = PBXFileReference; fileEncoding = 4; lastKnownFileType = sourcecode.swift; path = Snap.swift; sourceTree = "<group>"; };
		4BF5CA971E2A6B0400FC97E1 /* ViewSnapViewController.swift */ = {isa = PBXFileReference; fileEncoding = 4; lastKnownFileType = sourcecode.swift; path = ViewSnapViewController.swift; sourceTree = "<group>"; };
		5DF665CF1855ABB90A0BB8A9 /* Pods_Snap.framework */ = {isa = PBXFileReference; explicitFileType = wrapper.framework; includeInIndex = 0; path = Pods_Snap.framework; sourceTree = BUILT_PRODUCTS_DIR; };
		D3657610A8CF2C0F4F3D8290 /* Pods-Snap.debug.xcconfig */ = {isa = PBXFileReference; includeInIndex = 1; lastKnownFileType = text.xcconfig; name = "Pods-Snap.debug.xcconfig"; path = "Pods/Target Support Files/Pods-Snap/Pods-Snap.debug.xcconfig"; sourceTree = "<group>"; };
/* End PBXFileReference section */

/* Begin PBXFrameworksBuildPhase section */
		4B3AF04E1E2225A8007DB1FE /* Frameworks */ = {
			isa = PBXFrameworksBuildPhase;
			buildActionMask = 2147483647;
			files = (
				4742D2C1BDAC1ED4EEEDF436 /* Pods_Snap.framework in Frameworks */,
			);
			runOnlyForDeploymentPostprocessing = 0;
		};
/* End PBXFrameworksBuildPhase section */

/* Begin PBXGroup section */
		4B3AF0481E2225A8007DB1FE = {
			isa = PBXGroup;
			children = (
				4B3AF0531E2225A8007DB1FE /* Snap */,
				4B3AF0521E2225A8007DB1FE /* Products */,
				9E295544D429BE06C550A3B1 /* Pods */,
				CD7A47F31D6C3CEDCAEA6E2B /* Frameworks */,
			);
			sourceTree = "<group>";
		};
		4B3AF0521E2225A8007DB1FE /* Products */ = {
			isa = PBXGroup;
			children = (
				4B3AF0511E2225A8007DB1FE /* Snap.app */,
			);
			name = Products;
			sourceTree = "<group>";
		};
		4B3AF0531E2225A8007DB1FE /* Snap */ = {
			isa = PBXGroup;
			children = (
				4B3AF0711E2A2E1D007DB1FE /* Models */,
				4B3AF0701E2A2E09007DB1FE /* ViewControllers */,
				4B3AF0541E2225A8007DB1FE /* AppDelegate.swift */,
				4B3AF0581E2225A8007DB1FE /* Main.storyboard */,
				4B3AF05B1E2225A8007DB1FE /* Assets.xcassets */,
				4B3AF05D1E2225A8007DB1FE /* LaunchScreen.storyboard */,
				4B3AF0601E2225A8007DB1FE /* Info.plist */,
				4B3AF0661E222C4F007DB1FE /* GoogleService-Info.plist */,
			);
			path = Snap;
			sourceTree = "<group>";
		};
		4B3AF0701E2A2E09007DB1FE /* ViewControllers */ = {
			isa = PBXGroup;
			children = (
				4B3AF0561E2225A8007DB1FE /* SignInViewController.swift */,
				4B3AF0681E27D6F5007DB1FE /* SnapsViewController.swift */,
				4B3AF06A1E27DBC0007DB1FE /* AddingViewController.swift */,
				4B3AF06C1E2A2661007DB1FE /* SelectUserViewController.swift */,
				4BF5CA971E2A6B0400FC97E1 /* ViewSnapViewController.swift */,
			);
			name = ViewControllers;
			sourceTree = "<group>";
		};
		4B3AF0711E2A2E1D007DB1FE /* Models */ = {
			isa = PBXGroup;
			children = (
				4B3AF06E1E2A2DDF007DB1FE /* User.swift */,
				4B3AF0721E2A4D6E007DB1FE /* Snap.swift */,
			);
			name = Models;
			sourceTree = "<group>";
		};
		9E295544D429BE06C550A3B1 /* Pods */ = {
			isa = PBXGroup;
			children = (
				D3657610A8CF2C0F4F3D8290 /* Pods-Snap.debug.xcconfig */,
				109D9091A22FD2359C54F0F2 /* Pods-Snap.release.xcconfig */,
			);
			name = Pods;
			sourceTree = "<group>";
		};
		CD7A47F31D6C3CEDCAEA6E2B /* Frameworks */ = {
			isa = PBXGroup;
			children = (
				5DF665CF1855ABB90A0BB8A9 /* Pods_Snap.framework */,
			);
			name = Frameworks;
			sourceTree = "<group>";
		};
/* End PBXGroup section */

/* Begin PBXNativeTarget section */
		4B3AF0501E2225A8007DB1FE /* Snap */ = {
			isa = PBXNativeTarget;
			buildConfigurationList = 4B3AF0631E2225A8007DB1FE /* Build configuration list for PBXNativeTarget "Snap" */;
			buildPhases = (
				D301B108948579E2CD9C3A70 /* [CP] Check Pods Manifest.lock */,
				4B3AF04D1E2225A8007DB1FE /* Sources */,
				4B3AF04E1E2225A8007DB1FE /* Frameworks */,
				4B3AF04F1E2225A8007DB1FE /* Resources */,
				7487063814B2D36E4BB0E918 /* [CP] Embed Pods Frameworks */,
				0221392B5F37AC0D2292AE73 /* [CP] Copy Pods Resources */,
			);
			buildRules = (
			);
			dependencies = (
			);
			name = Snap;
			productName = Snap;
			productReference = 4B3AF0511E2225A8007DB1FE /* Snap.app */;
			productType = "com.apple.product-type.application";
		};
/* End PBXNativeTarget section */

/* Begin PBXProject section */
		4B3AF0491E2225A8007DB1FE /* Project object */ = {
			isa = PBXProject;
			attributes = {
				LastSwiftUpdateCheck = 0820;
				LastUpgradeCheck = 0820;
				ORGANIZATIONNAME = KanixLau;
				TargetAttributes = {
					4B3AF0501E2225A8007DB1FE = {
						CreatedOnToolsVersion = 8.2.1;
						DevelopmentTeam = VUUP9P6824;
						ProvisioningStyle = Automatic;
					};
				};
			};
			buildConfigurationList = 4B3AF04C1E2225A8007DB1FE /* Build configuration list for PBXProject "Snap" */;
			compatibilityVersion = "Xcode 3.2";
			developmentRegion = English;
			hasScannedForEncodings = 0;
			knownRegions = (
				en,
				Base,
			);
			mainGroup = 4B3AF0481E2225A8007DB1FE;
			productRefGroup = 4B3AF0521E2225A8007DB1FE /* Products */;
			projectDirPath = "";
			projectRoot = "";
			targets = (
				4B3AF0501E2225A8007DB1FE /* Snap */,
			);
		};
/* End PBXProject section */

/* Begin PBXResourcesBuildPhase section */
		4B3AF04F1E2225A8007DB1FE /* Resources */ = {
			isa = PBXResourcesBuildPhase;
			buildActionMask = 2147483647;
			files = (
				4B3AF05F1E2225A8007DB1FE /* LaunchScreen.storyboard in Resources */,
				4B3AF0671E222C4F007DB1FE /* GoogleService-Info.plist in Resources */,
				4B3AF05C1E2225A8007DB1FE /* Assets.xcassets in Resources */,
				4B3AF05A1E2225A8007DB1FE /* Main.storyboard in Resources */,
			);
			runOnlyForDeploymentPostprocessing = 0;
		};
/* End PBXResourcesBuildPhase section */

/* Begin PBXShellScriptBuildPhase section */
		0221392B5F37AC0D2292AE73 /* [CP] Copy Pods Resources */ = {
			isa = PBXShellScriptBuildPhase;
			buildActionMask = 2147483647;
			files = (
			);
			inputPaths = (
			);
			name = "[CP] Copy Pods Resources";
			outputPaths = (
			);
			runOnlyForDeploymentPostprocessing = 0;
			shellPath = /bin/sh;
			shellScript = "\"${SRCROOT}/Pods/Target Support Files/Pods-Snap/Pods-Snap-resources.sh\"\n";
			showEnvVarsInLog = 0;
		};
		7487063814B2D36E4BB0E918 /* [CP] Embed Pods Frameworks */ = {
			isa = PBXShellScriptBuildPhase;
			buildActionMask = 2147483647;
			files = (
			);
			inputPaths = (
			);
			name = "[CP] Embed Pods Frameworks";
			outputPaths = (
			);
			runOnlyForDeploymentPostprocessing = 0;
			shellPath = /bin/sh;
			shellScript = "\"${SRCROOT}/Pods/Target Support Files/Pods-Snap/Pods-Snap-frameworks.sh\"\n";
			showEnvVarsInLog = 0;
		};
		D301B108948579E2CD9C3A70 /* [CP] Check Pods Manifest.lock */ = {
			isa = PBXShellScriptBuildPhase;
			buildActionMask = 2147483647;
			files = (
			);
			inputPaths = (
			);
			name = "[CP] Check Pods Manifest.lock";
			outputPaths = (
			);
			runOnlyForDeploymentPostprocessing = 0;
			shellPath = /bin/sh;
			shellScript = "diff \"${PODS_ROOT}/../Podfile.lock\" \"${PODS_ROOT}/Manifest.lock\" > /dev/null\nif [ $? != 0 ] ; then\n    # print error to STDERR\n    echo \"error: The sandbox is not in sync with the Podfile.lock. Run 'pod install' or update your CocoaPods installation.\" >&2\n    exit 1\nfi\n";
			showEnvVarsInLog = 0;
		};
/* End PBXShellScriptBuildPhase section */

/* Begin PBXSourcesBuildPhase section */
		4B3AF04D1E2225A8007DB1FE /* Sources */ = {
			isa = PBXSourcesBuildPhase;
			buildActionMask = 2147483647;
			files = (
				4B3AF0571E2225A8007DB1FE /* SignInViewController.swift in Sources */,
				4B3AF0551E2225A8007DB1FE /* AppDelegate.swift in Sources */,
				4B3AF06F1E2A2DDF007DB1FE /* User.swift in Sources */,
				4BF5CA981E2A6B0400FC97E1 /* ViewSnapViewController.swift in Sources */,
				4B3AF06D1E2A2661007DB1FE /* SelectUserViewController.swift in Sources */,
				4B3AF0731E2A4D6E007DB1FE /* Snap.swift in Sources */,
				4B3AF0691E27D6F5007DB1FE /* SnapsViewController.swift in Sources */,
				4B3AF06B1E27DBC0007DB1FE /* AddingViewController.swift in Sources */,
			);
			runOnlyForDeploymentPostprocessing = 0;
		};
/* End PBXSourcesBuildPhase section */

/* Begin PBXVariantGroup section */
		4B3AF0581E2225A8007DB1FE /* Main.storyboard */ = {
			isa = PBXVariantGroup;
			children = (
				4B3AF0591E2225A8007DB1FE /* Base */,
			);
			name = Main.storyboard;
			sourceTree = "<group>";
		};
		4B3AF05D1E2225A8007DB1FE /* LaunchScreen.storyboard */ = {
			isa = PBXVariantGroup;
			children = (
				4B3AF05E1E2225A8007DB1FE /* Base */,
			);
			name = LaunchScreen.storyboard;
			sourceTree = "<group>";
		};
/* End PBXVariantGroup section */

/* Begin XCBuildConfiguration section */
		4B3AF0611E2225A8007DB1FE /* Debug */ = {
			isa = XCBuildConfiguration;
			buildSettings = {
				ALWAYS_SEARCH_USER_PATHS = NO;
				CLANG_ANALYZER_NONNULL = YES;
				CLANG_CXX_LANGUAGE_STANDARD = "gnu++0x";
				CLANG_CXX_LIBRARY = "libc++";
				CLANG_ENABLE_MODULES = YES;
				CLANG_ENABLE_OBJC_ARC = YES;
				CLANG_WARN_BOOL_CONVERSION = YES;
				CLANG_WARN_CONSTANT_CONVERSION = YES;
				CLANG_WARN_DIRECT_OBJC_ISA_USAGE = YES_ERROR;
				CLANG_WARN_DOCUMENTATION_COMMENTS = YES;
				CLANG_WARN_EMPTY_BODY = YES;
				CLANG_WARN_ENUM_CONVERSION = YES;
				CLANG_WARN_INFINITE_RECURSION = YES;
				CLANG_WARN_INT_CONVERSION = YES;
				CLANG_WARN_OBJC_ROOT_CLASS = YES_ERROR;
				CLANG_WARN_SUSPICIOUS_MOVE = YES;
				CLANG_WARN_UNREACHABLE_CODE = YES;
				CLANG_WARN__DUPLICATE_METHOD_MATCH = YES;
				"CODE_SIGN_IDENTITY[sdk=iphoneos*]" = "iPhone Developer";
				COPY_PHASE_STRIP = NO;
				DEBUG_INFORMATION_FORMAT = dwarf;
				ENABLE_STRICT_OBJC_MSGSEND = YES;
				ENABLE_TESTABILITY = YES;
				GCC_C_LANGUAGE_STANDARD = gnu99;
				GCC_DYNAMIC_NO_PIC = NO;
				GCC_NO_COMMON_BLOCKS = YES;
				GCC_OPTIMIZATION_LEVEL = 0;
				GCC_PREPROCESSOR_DEFINITIONS = (
					"DEBUG=1",
					"$(inherited)",
				);
				GCC_WARN_64_TO_32_BIT_CONVERSION = YES;
				GCC_WARN_ABOUT_RETURN_TYPE = YES_ERROR;
				GCC_WARN_UNDECLARED_SELECTOR = YES;
				GCC_WARN_UNINITIALIZED_AUTOS = YES_AGGRESSIVE;
				GCC_WARN_UNUSED_FUNCTION = YES;
				GCC_WARN_UNUSED_VARIABLE = YES;
				IPHONEOS_DEPLOYMENT_TARGET = 10.2;
				MTL_ENABLE_DEBUG_INFO = YES;
				ONLY_ACTIVE_ARCH = YES;
				SDKROOT = iphoneos;
				SWIFT_ACTIVE_COMPILATION_CONDITIONS = DEBUG;
				SWIFT_OPTIMIZATION_LEVEL = "-Onone";
				TARGETED_DEVICE_FAMILY = "1,2";
			};
			name = Debug;
		};
		4B3AF0621E2225A8007DB1FE /* Release */ = {
			isa = XCBuildConfiguration;
			buildSettings = {
				ALWAYS_SEARCH_USER_PATHS = NO;
				CLANG_ANALYZER_NONNULL = YES;
				CLANG_CXX_LANGUAGE_STANDARD = "gnu++0x";
				CLANG_CXX_LIBRARY = "libc++";
				CLANG_ENABLE_MODULES = YES;
				CLANG_ENABLE_OBJC_ARC = YES;
				CLANG_WARN_BOOL_CONVERSION = YES;
				CLANG_WARN_CONSTANT_CONVERSION = YES;
				CLANG_WARN_DIRECT_OBJC_ISA_USAGE = YES_ERROR;
				CLANG_WARN_DOCUMENTATION_COMMENTS = YES;
				CLANG_WARN_EMPTY_BODY = YES;
				CLANG_WARN_ENUM_CONVERSION = YES;
				CLANG_WARN_INFINITE_RECURSION = YES;
				CLANG_WARN_INT_CONVERSION = YES;
				CLANG_WARN_OBJC_ROOT_CLASS = YES_ERROR;
				CLANG_WARN_SUSPICIOUS_MOVE = YES;
				CLANG_WARN_UNREACHABLE_CODE = YES;
				CLANG_WARN__DUPLICATE_METHOD_MATCH = YES;
				"CODE_SIGN_IDENTITY[sdk=iphoneos*]" = "iPhone Developer";
				COPY_PHASE_STRIP = NO;
				DEBUG_INFORMATION_FORMAT = "dwarf-with-dsym";
				ENABLE_NS_ASSERTIONS = NO;
				ENABLE_STRICT_OBJC_MSGSEND = YES;
				GCC_C_LANGUAGE_STANDARD = gnu99;
				GCC_NO_COMMON_BLOCKS = YES;
				GCC_WARN_64_TO_32_BIT_CONVERSION = YES;
				GCC_WARN_ABOUT_RETURN_TYPE = YES_ERROR;
				GCC_WARN_UNDECLARED_SELECTOR = YES;
				GCC_WARN_UNINITIALIZED_AUTOS = YES_AGGRESSIVE;
				GCC_WARN_UNUSED_FUNCTION = YES;
				GCC_WARN_UNUSED_VARIABLE = YES;
				IPHONEOS_DEPLOYMENT_TARGET = 10.2;
				MTL_ENABLE_DEBUG_INFO = NO;
				SDKROOT = iphoneos;
				SWIFT_OPTIMIZATION_LEVEL = "-Owholemodule";
				TARGETED_DEVICE_FAMILY = "1,2";
				VALIDATE_PRODUCT = YES;
			};
			name = Release;
		};
		4B3AF0641E2225A8007DB1FE /* Debug */ = {
			isa = XCBuildConfiguration;
			baseConfigurationReference = D3657610A8CF2C0F4F3D8290 /* Pods-Snap.debug.xcconfig */;
			buildSettings = {
				ASSETCATALOG_COMPILER_APPICON_NAME = AppIcon;
				DEVELOPMENT_TEAM = VUUP9P6824;
				INFOPLIST_FILE = Snap/Info.plist;
				LD_RUNPATH_SEARCH_PATHS = "$(inherited) @executable_path/Frameworks";
				PRODUCT_BUNDLE_IDENTIFIER = com.kanixlau.Snap;
				PRODUCT_NAME = "$(TARGET_NAME)";
				SWIFT_VERSION = 3.0;
			};
			name = Debug;
		};
		4B3AF0651E2225A8007DB1FE /* Release */ = {
			isa = XCBuildConfiguration;
			baseConfigurationReference = 109D9091A22FD2359C54F0F2 /* Pods-Snap.release.xcconfig */;
			buildSettings = {
				ASSETCATALOG_COMPILER_APPICON_NAME = AppIcon;
				DEVELOPMENT_TEAM = VUUP9P6824;
				INFOPLIST_FILE = Snap/Info.plist;
				LD_RUNPATH_SEARCH_PATHS = "$(inherited) @executable_path/Frameworks";
				PRODUCT_BUNDLE_IDENTIFIER = com.kanixlau.Snap;
				PRODUCT_NAME = "$(TARGET_NAME)";
				SWIFT_VERSION = 3.0;
			};
			name = Release;
		};
/* End XCBuildConfiguration section */

/* Begin XCConfigurationList section */
		4B3AF04C1E2225A8007DB1FE /* Build configuration list for PBXProject "Snap" */ = {
			isa = XCConfigurationList;
			buildConfigurations = (
				4B3AF0611E2225A8007DB1FE /* Debug */,
				4B3AF0621E2225A8007DB1FE /* Release */,
			);
			defaultConfigurationIsVisible = 0;
			defaultConfigurationName = Release;
		};
		4B3AF0631E2225A8007DB1FE /* Build configuration list for PBXNativeTarget "Snap" */ = {
			isa = XCConfigurationList;
			buildConfigurations = (
				4B3AF0641E2225A8007DB1FE /* Debug */,
				4B3AF0651E2225A8007DB1FE /* Release */,
			);
			defaultConfigurationIsVisible = 0;
			defaultConfigurationName = Release;
		};
/* End XCConfigurationList section */
	};
	rootObject = 4B3AF0491E2225A8007DB1FE /* Project object */;
}
